
Microsoft Visual Studio Solution File, Format Version 12.00
# Visual Studio Version 16
VisualStudioVersion = 16.0.33214.272
MinimumVisualStudioVersion = 10.0.40219.1
Project("{FAE04EC0-301F-11D3-BF4B-00C04F79EFBC}") = "loginsenha", "loginsenha\loginsenha.csproj", "{A0CECE2E-53D9-43C8-9704-CAB4F3BE0E84}"
EndProject
Project("{FAE04EC0-301F-11D3-BF4B-00C04F79EFBC}") = "formLogin", "formLogin\formLogin.csproj", "{4345432A-F731-44FD-8374-BD1DC71CA7C9}"
EndProject
Global
	GlobalSection(SolutionConfigurationPlatforms) = preSolution
		Debug|Any CPU = Debug|Any CPU
		Release|Any CPU = Release|Any CPU
	EndGlobalSection
	GlobalSection(ProjectConfigurationPlatforms) = postSolution
		{A0CECE2E-53D9-43C8-9704-CAB4F3BE0E84}.Debug|Any CPU.ActiveCfg = Debug|Any CPU
		{A0CECE2E-53D9-43C8-9704-CAB4F3BE0E84}.Debug|Any CPU.Build.0 = Debug|Any CPU
		{A0CECE2E-53D9-43C8-9704-CAB4F3BE0E84}.Release|Any CPU.ActiveCfg = Release|Any CPU
		{A0CECE2E-53D9-43C8-9704-CAB4F3BE0E84}.Release|Any CPU.Build.0 = Release|Any CPU
		{4345432A-F731-44FD-8374-BD1DC71CA7C9}.Debug|Any CPU.ActiveCfg = Debug|Any CPU
		{4345432A-F731-44FD-8374-BD1DC71CA7C9}.Debug|Any CPU.Build.0 = Debug|Any CPU
		{4345432A-F731-44FD-8374-BD1DC71CA7C9}.Release|Any CPU.ActiveCfg = Release|Any CPU
		{4345432A-F731-44FD-8374-BD1DC71CA7C9}.Release|Any CPU.Build.0 = Release|Any CPU
	EndGlobalSection
	GlobalSection(SolutionProperties) = preSolution
		HideSolutionNode = FALSE
	EndGlobalSection
	GlobalSection(ExtensibilityGlobals) = postSolution
		SolutionGuid = {AD75C92B-2D67-4531-881B-6D310FE96644}
	EndGlobalSection
EndGlobal
